{
  "lockfileVersion": 2,
  "configVersion": 1,
  "workspaces": {
    "": {
      "name": "tomeowl-visual-benchmarks",
      "dependencies": {
        "cytoscape": "3.34.3",
        "three": "0.186.1",
      },
    },
  },
  "packages": {
    "cytoscape": ["cytoscape@3.34.3", "", {}, "sha512-yfYGhRcGAntq6YBD583j4n0Eg3jIxvWmZtz/5uz9UYkeIStSlMxuUja+ec5j3iBD8nv1rwaOAYMW09tBdkSeaQ=="],

    "three": ["three@0.186.1", "", {}, "sha512-blFeqb49wRCSGUGj7gtpfnSGHy2lwDk94RhUmS1c/hTby70kvChbWpkJ4Pm1390LqzzvTmzgXKHPEafJwCb8jA=="],
  }
}
